// !$*UTF8*$!
{
	archiveVersion = 1;
	classes = {
	};
	objectVersion = 56;
	objects = {

/* Begin PBXBuildFile section */
		19F6B2A02D9321CD0065EAEB /* AppDelegate.swift in Sources */ = {isa = PBXBuildFile; fileRef = 19F6B29F2D9321CD0065EAEB /* AppDelegate.swift */; };
		19F6B2A22D9321CD0065EAEB /* SceneDelegate.swift in Sources */ = {isa = PBXBuildFile; fileRef = 19F6B2A12D9321CD0065EAEB /* SceneDelegate.swift */; };
		19F6B2A42D9321CD0065EAEB /* HeroListViewModel.swift in Sources */ = {isa = PBXBuildFile; fileRef = 19F6B2A32D9321CD0065EAEB /* HeroListViewModel.swift */; };
		19F6B2A92D9321CF0065EAEB /* Assets.xcassets in Resources */ = {isa = PBXBuildFile; fileRef = 19F6B2A82D9321CF0065EAEB /* Assets.xcassets */; };
		19F6B2AC2D9321CF0065EAEB /* Base in Resources */ = {isa = PBXBuildFile; fileRef = 19F6B2AB2D9321CF0065EAEB /* Base */; };
		19F6B2B62D93223D0065EAEB /* heroRouter.swift in Sources */ = {isa = PBXBuildFile; fileRef = 19F6B2B52D93223D0065EAEB /* heroRouter.swift */; };
		19F6B2B92D9322B90065EAEB /* itemHero.swift in Sources */ = {isa = PBXBuildFile; fileRef = 19F6B2B82D9322B90065EAEB /* itemHero.swift */; };
		19F6B2BC2D9323A50065EAEB /* HeroService.swift in Sources */ = {isa = PBXBuildFile; fileRef = 19F6B2BB2D9323A50065EAEB /* HeroService.swift */; };
		19F6B2C42D9324CF0065EAEB /* HeroListModel.swift in Sources */ = {isa = PBXBuildFile; fileRef = 19F6B2C32D9324CF0065EAEB /* HeroListModel.swift */; };
		19F6B2C62D9326410065EAEB /* HeroListView.swift in Sources */ = {isa = PBXBuildFile; fileRef = 19F6B2C52D9326410065EAEB /* HeroListView.swift */; };
		19F6B2CA2D93275D0065EAEB /* HeroDetailViewModel.swift in Sources */ = {isa = PBXBuildFile; fileRef = 19F6B2C92D93275D0065EAEB /* HeroDetailViewModel.swift */; };
		19F6B2CD2D93283F0065EAEB /* HeroDetailView.swift in Sources */ = {isa = PBXBuildFile; fileRef = 19F6B2CC2D93283E0065EAEB /* HeroDetailView.swift */; };
		19F6B2D02D932B9D0065EAEB /* Kingfisher in Frameworks */ = {isa = PBXBuildFile; productRef = 19F6B2CF2D932B9D0065EAEB /* Kingfisher */; };
/* End PBXBuildFile section */

/* Begin PBXFileReference section */
		19F6B29C2D9321CD0065EAEB /* heroApp2.app */ = {isa = PBXFileReference; explicitFileType = wrapper.application; includeInIndex = 0; path = heroApp2.app; sourceTree = BUILT_PRODUCTS_DIR; };
		19F6B29F2D9321CD0065EAEB /* AppDelegate.swift */ = {isa = PBXFileReference; lastKnownFileType = sourcecode.swift; path = AppDelegate.swift; sourceTree = "<group>"; };
		19F6B2A12D9321CD0065EAEB /* SceneDelegate.swift */ = {isa = PBXFileReference; lastKnownFileType = sourcecode.swift; path = SceneDelegate.swift; sourceTree = "<group>"; };
		19F6B2A32D9321CD0065EAEB /* HeroListViewModel.swift */ = {isa = PBXFileReference; lastKnownFileType = sourcecode.swift; path = HeroListViewModel.swift; sourceTree = "<group>"; };
		19F6B2A82D9321CF0065EAEB /* Assets.xcassets */ = {isa = PBXFileReference; lastKnownFileType = folder.assetcatalog; path = Assets.xcassets; sourceTree = "<group>"; };
		19F6B2AB2D9321CF0065EAEB /* Base */ = {isa = PBXFileReference; lastKnownFileType = file.storyboard; name = Base; path = Base.lproj/LaunchScreen.storyboard; sourceTree = "<group>"; };
		19F6B2AD2D9321CF0065EAEB /* Info.plist */ = {isa = PBXFileReference; lastKnownFileType = text.plist.xml; path = Info.plist; sourceTree = "<group>"; };
		19F6B2B52D93223D0065EAEB /* heroRouter.swift */ = {isa = PBXFileReference; lastKnownFileType = sourcecode.swift; path = heroRouter.swift; sourceTree = "<group>"; };
		19F6B2B82D9322B90065EAEB /* itemHero.swift */ = {isa = PBXFileReference; lastKnownFileType = sourcecode.swift; path = itemHero.swift; sourceTree = "<group>"; };
		19F6B2BB2D9323A50065EAEB /* HeroService.swift */ = {isa = PBXFileReference; lastKnownFileType = sourcecode.swift; path = HeroService.swift; sourceTree = "<group>"; };
		19F6B2C32D9324CF0065EAEB /* HeroListModel.swift */ = {isa = PBXFileReference; lastKnownFileType = sourcecode.swift; path = HeroListModel.swift; sourceTree = "<group>"; };
		19F6B2C52D9326410065EAEB /* HeroListView.swift */ = {isa = PBXFileReference; lastKnownFileType = sourcecode.swift; path = HeroListView.swift; sourceTree = "<group>"; };
		19F6B2C92D93275D0065EAEB /* HeroDetailViewModel.swift */ = {isa = PBXFileReference; lastKnownFileType = sourcecode.swift; path = HeroDetailViewModel.swift; sourceTree = "<group>"; };
		19F6B2CC2D93283E0065EAEB /* HeroDetailView.swift */ = {isa = PBXFileReference; lastKnownFileType = sourcecode.swift; path = HeroDetailView.swift; sourceTree = "<group>"; };
/* End PBXFileReference section */

/* Begin PBXFrameworksBuildPhase section */
		19F6B2992D9321CD0065EAEB /* Frameworks */ = {
			isa = PBXFrameworksBuildPhase;
			buildActionMask = 2147483647;
			files = (
				19F6B2D02D932B9D0065EAEB /* Kingfisher in Frameworks */,
			);
			runOnlyForDeploymentPostprocessing = 0;
		};
/* End PBXFrameworksBuildPhase section */

/* Begin PBXGroup section */
		19F6B2932D9321CD0065EAEB = {
			isa = PBXGroup;
			children = (
				19F6B29E2D9321CD0065EAEB /* heroApp2 */,
				19F6B29D2D9321CD0065EAEB /* Products */,
			);
			sourceTree = "<group>";
		};
		19F6B29D2D9321CD0065EAEB /* Products */ = {
			isa = PBXGroup;
			children = (
				19F6B29C2D9321CD0065EAEB /* heroApp2.app */,
			);
			name = Products;
			sourceTree = "<group>";
		};
		19F6B29E2D9321CD0065EAEB /* heroApp2 */ = {
			isa = PBXGroup;
			children = (
				19F6B2BD2D93244C0065EAEB /* Flow */,
				19F6B2BA2D93238D0065EAEB /* Service */,
				19F6B2B72D9322AB0065EAEB /* Entity */,
				19F6B2B42D9322190065EAEB /* Router */,
				19F6B2B32D93220A0065EAEB /* Resources */,
				19F6B29F2D9321CD0065EAEB /* AppDelegate.swift */,
				19F6B2A12D9321CD0065EAEB /* SceneDelegate.swift */,
				19F6B2A82D9321CF0065EAEB /* Assets.xcassets */,
				19F6B2AA2D9321CF0065EAEB /* LaunchScreen.storyboard */,
				19F6B2AD2D9321CF0065EAEB /* Info.plist */,
			);
			path = heroApp2;
			sourceTree = "<group>";
		};
		19F6B2B32D93220A0065EAEB /* Resources */ = {
			isa = PBXGroup;
			children = (
			);
			path = Resources;
			sourceTree = "<group>";
		};
		19F6B2B42D9322190065EAEB /* Router */ = {
			isa = PBXGroup;
			children = (
				19F6B2B52D93223D0065EAEB /* heroRouter.swift */,
			);
			path = Router;
			sourceTree = "<group>";
		};
		19F6B2B72D9322AB0065EAEB /* Entity */ = {
			isa = PBXGroup;
			children = (
				19F6B2B82D9322B90065EAEB /* itemHero.swift */,
			);
			path = Entity;
			sourceTree = "<group>";
		};
		19F6B2BA2D93238D0065EAEB /* Service */ = {
			isa = PBXGroup;
			children = (
				19F6B2BB2D9323A50065EAEB /* HeroService.swift */,
			);
			path = Service;
			sourceTree = "<group>";
		};
		19F6B2BD2D93244C0065EAEB /* Flow */ = {
			isa = PBXGroup;
			children = (
				19F6B2C72D9327090065EAEB /* heroDetail */,
				19F6B2BF2D9324740065EAEB /* heroList */,
			);
			path = Flow;
			sourceTree = "<group>";
		};
		19F6B2BF2D9324740065EAEB /* heroList */ = {
			isa = PBXGroup;
			children = (
				19F6B2C22D93249F0065EAEB /* ViewModel */,
				19F6B2C12D9324960065EAEB /* View */,
				19F6B2C02D93247E0065EAEB /* Model */,
			);
			path = heroList;
			sourceTree = "<group>";
		};
		19F6B2C02D93247E0065EAEB /* Model */ = {
			isa = PBXGroup;
			children = (
				19F6B2C32D9324CF0065EAEB /* HeroListModel.swift */,
			);
			path = Model;
			sourceTree = "<group>";
		};
		19F6B2C12D9324960065EAEB /* View */ = {
			isa = PBXGroup;
			children = (
				19F6B2C52D9326410065EAEB /* HeroListView.swift */,
			);
			path = View;
			sourceTree = "<group>";
		};
		19F6B2C22D93249F0065EAEB /* ViewModel */ = {
			isa = PBXGroup;
			children = (
				19F6B2A32D9321CD0065EAEB /* HeroListViewModel.swift */,
			);
			path = ViewModel;
			sourceTree = "<group>";
		};
		19F6B2C72D9327090065EAEB /* heroDetail */ = {
			isa = PBXGroup;
			children = (
				19F6B2CB2D93281B0065EAEB /* View */,
				19F6B2C82D9327240065EAEB /* ViewModel */,
			);
			path = heroDetail;
			sourceTree = "<group>";
		};
		19F6B2C82D9327240065EAEB /* ViewModel */ = {
			isa = PBXGroup;
			children = (
				19F6B2C92D93275D0065EAEB /* HeroDetailViewModel.swift */,
			);
			path = ViewModel;
			sourceTree = "<group>";
		};
		19F6B2CB2D93281B0065EAEB /* View */ = {
			isa = PBXGroup;
			children = (
				19F6B2CC2D93283E0065EAEB /* HeroDetailView.swift */,
			);
			path = View;
			sourceTree = "<group>";
		};
/* End PBXGroup section */

/* Begin PBXNativeTarget section */
		19F6B29B2D9321CD0065EAEB /* heroApp2 */ = {
			isa = PBXNativeTarget;
			buildConfigurationList = 19F6B2B02D9321CF0065EAEB /* Build configuration list for PBXNativeTarget "heroApp2" */;
			buildPhases = (
				19F6B2982D9321CD0065EAEB /* Sources */,
				19F6B2992D9321CD0065EAEB /* Frameworks */,
				19F6B29A2D9321CD0065EAEB /* Resources */,
			);
			buildRules = (
			);
			dependencies = (
			);
			name = heroApp2;
			packageProductDependencies = (
				19F6B2CF2D932B9D0065EAEB /* Kingfisher */,
			);
			productName = heroApp2;
			productReference = 19F6B29C2D9321CD0065EAEB /* heroApp2.app */;
			productType = "com.apple.product-type.application";
		};
/* End PBXNativeTarget section */

/* Begin PBXProject section */
		19F6B2942D9321CD0065EAEB /* Project object */ = {
			isa = PBXProject;
			attributes = {
				BuildIndependentTargetsInParallel = 1;
				LastSwiftUpdateCheck = 1540;
				LastUpgradeCheck = 1540;
				TargetAttributes = {
					19F6B29B2D9321CD0065EAEB = {
						CreatedOnToolsVersion = 15.4;
					};
				};
			};
			buildConfigurationList = 19F6B2972D9321CD0065EAEB /* Build configuration list for PBXProject "heroApp2" */;
			compatibilityVersion = "Xcode 14.0";
			developmentRegion = en;
			hasScannedForEncodings = 0;
			knownRegions = (
				en,
				Base,
			);
			mainGroup = 19F6B2932D9321CD0065EAEB;
			packageReferences = (
				19F6B2CE2D932B9D0065EAEB /* XCRemoteSwiftPackageReference "Kingfisher" */,
			);
			productRefGroup = 19F6B29D2D9321CD0065EAEB /* Products */;
			projectDirPath = "";
			projectRoot = "";
			targets = (
				19F6B29B2D9321CD0065EAEB /* heroApp2 */,
			);
		};
/* End PBXProject section */

/* Begin PBXResourcesBuildPhase section */
		19F6B29A2D9321CD0065EAEB /* Resources */ = {
			isa = PBXResourcesBuildPhase;
			buildActionMask = 2147483647;
			files = (
				19F6B2A92D9321CF0065EAEB /* Assets.xcassets in Resources */,
				19F6B2AC2D9321CF0065EAEB /* Base in Resources */,
			);
			runOnlyForDeploymentPostprocessing = 0;
		};
/* End PBXResourcesBuildPhase section */

/* Begin PBXSourcesBuildPhase section */
		19F6B2982D9321CD0065EAEB /* Sources */ = {
			isa = PBXSourcesBuildPhase;
			buildActionMask = 2147483647;
			files = (
				19F6B2A42D9321CD0065EAEB /* HeroListViewModel.swift in Sources */,
				19F6B2C42D9324CF0065EAEB /* HeroListModel.swift in Sources */,
				19F6B2C62D9326410065EAEB /* HeroListView.swift in Sources */,
				19F6B2A02D9321CD0065EAEB /* AppDelegate.swift in Sources */,
				19F6B2B62D93223D0065EAEB /* heroRouter.swift in Sources */,
				19F6B2CD2D93283F0065EAEB /* HeroDetailView.swift in Sources */,
				19F6B2BC2D9323A50065EAEB /* HeroService.swift in Sources */,
				19F6B2CA2D93275D0065EAEB /* HeroDetailViewModel.swift in Sources */,
				19F6B2A22D9321CD0065EAEB /* SceneDelegate.swift in Sources */,
				19F6B2B92D9322B90065EAEB /* itemHero.swift in Sources */,
			);
			runOnlyForDeploymentPostprocessing = 0;
		};
/* End PBXSourcesBuildPhase section */

/* Begin PBXVariantGroup section */
		19F6B2AA2D9321CF0065EAEB /* LaunchScreen.storyboard */ = {
			isa = PBXVariantGroup;
			children = (
				19F6B2AB2D9321CF0065EAEB /* Base */,
			);
			name = LaunchScreen.storyboard;
			sourceTree = "<group>";
		};
/* End PBXVariantGroup section */

/* Begin XCBuildConfiguration section */
		19F6B2AE2D9321CF0065EAEB /* Debug */ = {
			isa = XCBuildConfiguration;
			buildSettings = {
				ALWAYS_SEARCH_USER_PATHS = NO;
				ASSETCATALOG_COMPILER_GENERATE_SWIFT_ASSET_SYMBOL_EXTENSIONS = YES;
				CLANG_ANALYZER_NONNULL = YES;
				CLANG_ANALYZER_NUMBER_OBJECT_CONVERSION = YES_AGGRESSIVE;
				CLANG_CXX_LANGUAGE_STANDARD = "gnu++20";
				CLANG_ENABLE_MODULES = YES;
				CLANG_ENABLE_OBJC_ARC = YES;
				CLANG_ENABLE_OBJC_WEAK = YES;
				CLANG_WARN_BLOCK_CAPTURE_AUTORELEASING = YES;
				CLANG_WARN_BOOL_CONVERSION = YES;
				CLANG_WARN_COMMA = YES;
				CLANG_WARN_CONSTANT_CONVERSION = YES;
				CLANG_WARN_DEPRECATED_OBJC_IMPLEMENTATIONS = YES;
				CLANG_WARN_DIRECT_OBJC_ISA_USAGE = YES_ERROR;
				CLANG_WARN_DOCUMENTATION_COMMENTS = YES;
				CLANG_WARN_EMPTY_BODY = YES;
				CLANG_WARN_ENUM_CONVERSION = YES;
				CLANG_WARN_INFINITE_RECURSION = YES;
				CLANG_WARN_INT_CONVERSION = YES;
				CLANG_WARN_NON_LITERAL_NULL_CONVERSION = YES;
				CLANG_WARN_OBJC_IMPLICIT_RETAIN_SELF = YES;
				CLANG_WARN_OBJC_LITERAL_CONVERSION = YES;
				CLANG_WARN_OBJC_ROOT_CLASS = YES_ERROR;
				CLANG_WARN_QUOTED_INCLUDE_IN_FRAMEWORK_HEADER = YES;
				CLANG_WARN_RANGE_LOOP_ANALYSIS = YES;
				CLANG_WARN_STRICT_PROTOTYPES = YES;
				CLANG_WARN_SUSPICIOUS_MOVE = YES;
				CLANG_WARN_UNGUARDED_AVAILABILITY = YES_AGGRESSIVE;
				CLANG_WARN_UNREACHABLE_CODE = YES;
				CLANG_WARN__DUPLICATE_METHOD_MATCH = YES;
				COPY_PHASE_STRIP = NO;
				DEBUG_INFORMATION_FORMAT = dwarf;
				ENABLE_STRICT_OBJC_MSGSEND = YES;
				ENABLE_TESTABILITY = YES;
				ENABLE_USER_SCRIPT_SANDBOXING = YES;
				GCC_C_LANGUAGE_STANDARD = gnu17;
				GCC_DYNAMIC_NO_PIC = NO;
				GCC_NO_COMMON_BLOCKS = YES;
				GCC_OPTIMIZATION_LEVEL = 0;
				GCC_PREPROCESSOR_DEFINITIONS = (
					"DEBUG=1",
					"$(inherited)",
				);
				GCC_WARN_64_TO_32_BIT_CONVERSION = YES;
				GCC_WARN_ABOUT_RETURN_TYPE = YES_ERROR;
				GCC_WARN_UNDECLARED_SELECTOR = YES;
				GCC_WARN_UNINITIALIZED_AUTOS = YES_AGGRESSIVE;
				GCC_WARN_UNUSED_FUNCTION = YES;
				GCC_WARN_UNUSED_VARIABLE = YES;
				IPHONEOS_DEPLOYMENT_TARGET = 17.5;
				LOCALIZATION_PREFERS_STRING_CATALOGS = YES;
				MTL_ENABLE_DEBUG_INFO = INCLUDE_SOURCE;
				MTL_FAST_MATH = YES;
				ONLY_ACTIVE_ARCH = YES;
				SDKROOT = iphoneos;
				SWIFT_ACTIVE_COMPILATION_CONDITIONS = "DEBUG $(inherited)";
				SWIFT_OPTIMIZATION_LEVEL = "-Onone";
			};
			name = Debug;
		};
		19F6B2AF2D9321CF0065EAEB /* Release */ = {
			isa = XCBuildConfiguration;
			buildSettings = {
				ALWAYS_SEARCH_USER_PATHS = NO;
				ASSETCATALOG_COMPILER_GENERATE_SWIFT_ASSET_SYMBOL_EXTENSIONS = YES;
				CLANG_ANALYZER_NONNULL = YES;
				CLANG_ANALYZER_NUMBER_OBJECT_CONVERSION = YES_AGGRESSIVE;
				CLANG_CXX_LANGUAGE_STANDARD = "gnu++20";
				CLANG_ENABLE_MODULES = YES;
				CLANG_ENABLE_OBJC_ARC = YES;
				CLANG_ENABLE_OBJC_WEAK = YES;
				CLANG_WARN_BLOCK_CAPTURE_AUTORELEASING = YES;
				CLANG_WARN_BOOL_CONVERSION = YES;
				CLANG_WARN_COMMA = YES;
				CLANG_WARN_CONSTANT_CONVERSION = YES;
				CLANG_WARN_DEPRECATED_OBJC_IMPLEMENTATIONS = YES;
				CLANG_WARN_DIRECT_OBJC_ISA_USAGE = YES_ERROR;
				CLANG_WARN_DOCUMENTATION_COMMENTS = YES;
				CLANG_WARN_EMPTY_BODY = YES;
				CLANG_WARN_ENUM_CONVERSION = YES;
				CLANG_WARN_INFINITE_RECURSION = YES;
				CLANG_WARN_INT_CONVERSION = YES;
				CLANG_WARN_NON_LITERAL_NULL_CONVERSION = YES;
				CLANG_WARN_OBJC_IMPLICIT_RETAIN_SELF = YES;
				CLANG_WARN_OBJC_LITERAL_CONVERSION = YES;
				CLANG_WARN_OBJC_ROOT_CLASS = YES_ERROR;
				CLANG_WARN_QUOTED_INCLUDE_IN_FRAMEWORK_HEADER = YES;
				CLANG_WARN_RANGE_LOOP_ANALYSIS = YES;
				CLANG_WARN_STRICT_PROTOTYPES = YES;
				CLANG_WARN_SUSPICIOUS_MOVE = YES;
				CLANG_WARN_UNGUARDED_AVAILABILITY = YES_AGGRESSIVE;
				CLANG_WARN_UNREACHABLE_CODE = YES;
				CLANG_WARN__DUPLICATE_METHOD_MATCH = YES;
				COPY_PHASE_STRIP = NO;
				DEBUG_INFORMATION_FORMAT = "dwarf-with-dsym";
				ENABLE_NS_ASSERTIONS = NO;
				ENABLE_STRICT_OBJC_MSGSEND = YES;
				ENABLE_USER_SCRIPT_SANDBOXING = YES;
				GCC_C_LANGUAGE_STANDARD = gnu17;
				GCC_NO_COMMON_BLOCKS = YES;
				GCC_WARN_64_TO_32_BIT_CONVERSION = YES;
				GCC_WARN_ABOUT_RETURN_TYPE = YES_ERROR;
				GCC_WARN_UNDECLARED_SELECTOR = YES;
				GCC_WARN_UNINITIALIZED_AUTOS = YES_AGGRESSIVE;
				GCC_WARN_UNUSED_FUNCTION = YES;
				GCC_WARN_UNUSED_VARIABLE = YES;
				IPHONEOS_DEPLOYMENT_TARGET = 17.5;
				LOCALIZATION_PREFERS_STRING_CATALOGS = YES;
				MTL_ENABLE_DEBUG_INFO = NO;
				MTL_FAST_MATH = YES;
				SDKROOT = iphoneos;
				SWIFT_COMPILATION_MODE = wholemodule;
				VALIDATE_PRODUCT = YES;
			};
			name = Release;
		};
		19F6B2B12D9321CF0065EAEB /* Debug */ = {
			isa = XCBuildConfiguration;
			buildSettings = {
				ASSETCATALOG_COMPILER_APPICON_NAME = AppIcon;
				ASSETCATALOG_COMPILER_GLOBAL_ACCENT_COLOR_NAME = AccentColor;
				CODE_SIGN_STYLE = Automatic;
				CURRENT_PROJECT_VERSION = 1;
				GENERATE_INFOPLIST_FILE = YES;
				INFOPLIST_FILE = heroApp2/Info.plist;
				INFOPLIST_KEY_UIApplicationSupportsIndirectInputEvents = YES;
				INFOPLIST_KEY_UILaunchStoryboardName = LaunchScreen;
				INFOPLIST_KEY_UISupportedInterfaceOrientations_iPad = "UIInterfaceOrientationPortrait UIInterfaceOrientationPortraitUpsideDown UIInterfaceOrientationLandscapeLeft UIInterfaceOrientationLandscapeRight";
				INFOPLIST_KEY_UISupportedInterfaceOrientations_iPhone = "UIInterfaceOrientationPortrait UIInterfaceOrientationLandscapeLeft UIInterfaceOrientationLandscapeRight";
				LD_RUNPATH_SEARCH_PATHS = (
					"$(inherited)",
					"@executable_path/Frameworks",
				);
				MARKETING_VERSION = 1.0;
				PRODUCT_BUNDLE_IDENTIFIER = beginerProject.heroApp2;
				PRODUCT_NAME = "$(TARGET_NAME)";
				SWIFT_EMIT_LOC_STRINGS = YES;
				SWIFT_VERSION = 5.0;
				TARGETED_DEVICE_FAMILY = "1,2";
			};
			name = Debug;
		};
		19F6B2B22D9321CF0065EAEB /* Release */ = {
			isa = XCBuildConfiguration;
			buildSettings = {
				ASSETCATALOG_COMPILER_APPICON_NAME = AppIcon;
				ASSETCATALOG_COMPILER_GLOBAL_ACCENT_COLOR_NAME = AccentColor;
				CODE_SIGN_STYLE = Automatic;
				CURRENT_PROJECT_VERSION = 1;
				GENERATE_INFOPLIST_FILE = YES;
				INFOPLIST_FILE = heroApp2/Info.plist;
				INFOPLIST_KEY_UIApplicationSupportsIndirectInputEvents = YES;
				INFOPLIST_KEY_UILaunchStoryboardName = LaunchScreen;
				INFOPLIST_KEY_UISupportedInterfaceOrientations_iPad = "UIInterfaceOrientationPortrait UIInterfaceOrientationPortraitUpsideDown UIInterfaceOrientationLandscapeLeft UIInterfaceOrientationLandscapeRight";
				INFOPLIST_KEY_UISupportedInterfaceOrientations_iPhone = "UIInterfaceOrientationPortrait UIInterfaceOrientationLandscapeLeft UIInterfaceOrientationLandscapeRight";
				LD_RUNPATH_SEARCH_PATHS = (
					"$(inherited)",
					"@executable_path/Frameworks",
				);
				MARKETING_VERSION = 1.0;
				PRODUCT_BUNDLE_IDENTIFIER = beginerProject.heroApp2;
				PRODUCT_NAME = "$(TARGET_NAME)";
				SWIFT_EMIT_LOC_STRINGS = YES;
				SWIFT_VERSION = 5.0;
				TARGETED_DEVICE_FAMILY = "1,2";
			};
			name = Release;
		};
/* End XCBuildConfiguration section */

/* Begin XCConfigurationList section */
		19F6B2972D9321CD0065EAEB /* Build configuration list for PBXProject "heroApp2" */ = {
			isa = XCConfigurationList;
			buildConfigurations = (
				19F6B2AE2D9321CF0065EAEB /* Debug */,
				19F6B2AF2D9321CF0065EAEB /* Release */,
			);
			defaultConfigurationIsVisible = 0;
			defaultConfigurationName = Release;
		};
		19F6B2B02D9321CF0065EAEB /* Build configuration list for PBXNativeTarget "heroApp2" */ = {
			isa = XCConfigurationList;
			buildConfigurations = (
				19F6B2B12D9321CF0065EAEB /* Debug */,
				19F6B2B22D9321CF0065EAEB /* Release */,
			);
			defaultConfigurationIsVisible = 0;
			defaultConfigurationName = Release;
		};
/* End XCConfigurationList section */

/* Begin XCRemoteSwiftPackageReference section */
		19F6B2CE2D932B9D0065EAEB /* XCRemoteSwiftPackageReference "Kingfisher" */ = {
			isa = XCRemoteSwiftPackageReference;
			repositoryURL = "https://github.com/onevcat/Kingfisher.git";
			requirement = {
				kind = upToNextMajorVersion;
				minimumVersion = 8.3.1;
			};
		};
/* End XCRemoteSwiftPackageReference section */

/* Begin XCSwiftPackageProductDependency section */
		19F6B2CF2D932B9D0065EAEB /* Kingfisher */ = {
			isa = XCSwiftPackageProductDependency;
			package = 19F6B2CE2D932B9D0065EAEB /* XCRemoteSwiftPackageReference "Kingfisher" */;
			productName = Kingfisher;
		};
/* End XCSwiftPackageProductDependency section */
	};
	rootObject = 19F6B2942D9321CD0065EAEB /* Project object */;
}
